
Microsoft Visual Studio Solution File, Format Version 12.00
# Visual Studio Version 17
VisualStudioVersion = 17.1.32421.90
MinimumVisualStudioVersion = 10.0.40219.1
Project("{9A19103F-16F7-4668-BE54-9A1E7A4F7556}") = "ConsoleApp", "Console\ConsoleApp.csproj", "{A58E36A3-4C14-4F7C-A9A3-5E62B4EA59AC}"
EndProject
Project("{FAE04EC0-301F-11D3-BF4B-00C04F79EFBC}") = "WebApp", "WebApp\WebApp.csproj", "{0CA3FF28-F001-4833-821F-9B854D4E74F1}"
EndProject
Global
	GlobalSection(SolutionConfigurationPlatforms) = preSolution
		Debug|Any CPU = Debug|Any CPU
		Release|Any CPU = Release|Any CPU
	EndGlobalSection
	GlobalSection(ProjectConfigurationPlatforms) = postSolution
		{A58E36A3-4C14-4F7C-A9A3-5E62B4EA59AC}.Debug|Any CPU.ActiveCfg = Debug|Any CPU
		{A58E36A3-4C14-4F7C-A9A3-5E62B4EA59AC}.Debug|Any CPU.Build.0 = Debug|Any CPU
		{A58E36A3-4C14-4F7C-A9A3-5E62B4EA59AC}.Release|Any CPU.ActiveCfg = Release|Any CPU
		{A58E36A3-4C14-4F7C-A9A3-5E62B4EA59AC}.Release|Any CPU.Build.0 = Release|Any CPU
		{0CA3FF28-F001-4833-821F-9B854D4E74F1}.Debug|Any CPU.ActiveCfg = Debug|Any CPU
		{0CA3FF28-F001-4833-821F-9B854D4E74F1}.Debug|Any CPU.Build.0 = Debug|Any CPU
		{0CA3FF28-F001-4833-821F-9B854D4E74F1}.Release|Any CPU.ActiveCfg = Release|Any CPU
		{0CA3FF28-F001-4833-821F-9B854D4E74F1}.Release|Any CPU.Build.0 = Release|Any CPU
	EndGlobalSection
	GlobalSection(SolutionProperties) = preSolution
		HideSolutionNode = FALSE
	EndGlobalSection
	GlobalSection(ExtensibilityGlobals) = postSolution
		SolutionGuid = {774A2D60-CB70-42C8-BEA3-DECAF563B9BF}
	EndGlobalSection
EndGlobal
